// !$*UTF8*$!
{
	archiveVersion = 1;
	classes = {
	};
	objectVersion = 54;
	objects = {

/* Begin PBXBuildFile section */
		058557BB273AAA24004C7B11 /* Assets.xcassets in Resources */ = {isa = PBXBuildFile; fileRef = 058557BA273AAA24004C7B11 /* Assets.xcassets */; };
		058557D9273AAEEB004C7B11 /* Preview Assets.xcassets in Resources */ = {isa = PBXBuildFile; fileRef = 058557D8273AAEEB004C7B11 /* Preview Assets.xcassets */; };
		2152FB042600AC8F00CF470E /* iOSApp.swift in Sources */ = {isa = PBXBuildFile; fileRef = 2152FB032600AC8F00CF470E /* iOSApp.swift */; };
		2501AD3C2CB780FB00EB4ACD /* LocalizationUtils.swift in Sources */ = {isa = PBXBuildFile; fileRef = 2501AD3B2CB780FB00EB4ACD /* LocalizationUtils.swift */; };
		2509B0402CC9F0A100AF994A /* Movie.swift in Sources */ = {isa = PBXBuildFile; fileRef = 2509B03F2CC9F0A100AF994A /* Movie.swift */; };
		2509B0432CC9F17400AF994A /* Movie+Extensions.swift in Sources */ = {isa = PBXBuildFile; fileRef = 2509B0422CC9F17400AF994A /* Movie+Extensions.swift */; };
		250A20B02C9B98E3006534A4 /* KMPNativeCoroutinesAsync in Frameworks */ = {isa = PBXBuildFile; productRef = 250A20AF2C9B98E3006534A4 /* KMPNativeCoroutinesAsync */; };
		250A20B22C9B98E3006534A4 /* KMPNativeCoroutinesCombine in Frameworks */ = {isa = PBXBuildFile; productRef = 250A20B12C9B98E3006534A4 /* KMPNativeCoroutinesCombine */; };
		250A20B42C9B98E3006534A4 /* KMPNativeCoroutinesCore in Frameworks */ = {isa = PBXBuildFile; productRef = 250A20B32C9B98E3006534A4 /* KMPNativeCoroutinesCore */; };
		250A20C12C9E79BF006534A4 /* AppDelegate.swift in Sources */ = {isa = PBXBuildFile; fileRef = 250A20C02C9E79BF006534A4 /* AppDelegate.swift */; };
		2554A74E2C8BBCD300B8E4C3 /* HomeScreenView.swift in Sources */ = {isa = PBXBuildFile; fileRef = 2554A74D2C8BBCD300B8E4C3 /* HomeScreenView.swift */; };
		2554A7502C8BBD9B00B8E4C3 /* Color.swift in Sources */ = {isa = PBXBuildFile; fileRef = 2554A74F2C8BBD9B00B8E4C3 /* Color.swift */; };
		2554A7522C8BBDC400B8E4C3 /* CustomColors.swift in Sources */ = {isa = PBXBuildFile; fileRef = 2554A7512C8BBDC400B8E4C3 /* CustomColors.swift */; };
		2554A7552C8BBE8200B8E4C3 /* BaseScreenView.swift in Sources */ = {isa = PBXBuildFile; fileRef = 2554A7542C8BBE8200B8E4C3 /* BaseScreenView.swift */; };
		255EFFA32C8FEC06006857C8 /* BottomTabView.swift in Sources */ = {isa = PBXBuildFile; fileRef = 255EFFA22C8FEC06006857C8 /* BottomTabView.swift */; };
		255EFFA52C8FECC5006857C8 /* BottomTabItem.swift in Sources */ = {isa = PBXBuildFile; fileRef = 255EFFA42C8FECC5006857C8 /* BottomTabItem.swift */; };
		255EFFA72C8FEDB7006857C8 /* WatchlistScreenView.swift in Sources */ = {isa = PBXBuildFile; fileRef = 255EFFA62C8FEDB7006857C8 /* WatchlistScreenView.swift */; };
		255EFFAA2C8FEE1F006857C8 /* ProfileScreenView.swift in Sources */ = {isa = PBXBuildFile; fileRef = 255EFFA92C8FEE1F006857C8 /* ProfileScreenView.swift */; };
		255EFFAC2C90BCF9006857C8 /* WatchlistViewModel.swift in Sources */ = {isa = PBXBuildFile; fileRef = 255EFFAB2C90BCF9006857C8 /* WatchlistViewModel.swift */; };
		255EFFAE2C90BE93006857C8 /* CategoryCardView.swift in Sources */ = {isa = PBXBuildFile; fileRef = 255EFFAD2C90BE93006857C8 /* CategoryCardView.swift */; };
		255EFFB02C90C0CF006857C8 /* View+Extensions.swift in Sources */ = {isa = PBXBuildFile; fileRef = 255EFFAF2C90C0CF006857C8 /* View+Extensions.swift */; };
		255EFFB22C90C10C006857C8 /* LazyVGridMoviesView.swift in Sources */ = {isa = PBXBuildFile; fileRef = 255EFFB12C90C10C006857C8 /* LazyVGridMoviesView.swift */; };
		255EFFB42C90DD58006857C8 /* Constants.swift in Sources */ = {isa = PBXBuildFile; fileRef = 255EFFB32C90DD58006857C8 /* Constants.swift */; };
		255EFFB62C90DDAA006857C8 /* MovieItemView.swift in Sources */ = {isa = PBXBuildFile; fileRef = 255EFFB52C90DDAA006857C8 /* MovieItemView.swift */; };
		255EFFBA2C90ECD7006857C8 /* BackgroundBlurView.swift in Sources */ = {isa = PBXBuildFile; fileRef = 255EFFB92C90ECD7006857C8 /* BackgroundBlurView.swift */; };
		255EFFC12C90EE52006857C8 /* SelectOptionScreenView.swift in Sources */ = {isa = PBXBuildFile; fileRef = 255EFFC02C90EE52006857C8 /* SelectOptionScreenView.swift */; };
		255EFFC32C90F0E0006857C8 /* SortType.swift in Sources */ = {isa = PBXBuildFile; fileRef = 255EFFC22C90F0E0006857C8 /* SortType.swift */; };
		255EFFC52C90F463006857C8 /* CircleIconView.swift in Sources */ = {isa = PBXBuildFile; fileRef = 255EFFC42C90F463006857C8 /* CircleIconView.swift */; };
		257424D22CA514AC000441FA /* String+Extensions.swift in Sources */ = {isa = PBXBuildFile; fileRef = 257424D12CA514AC000441FA /* String+Extensions.swift */; };
		25DBD9A62CED9FB000E0142E /* GetProfileUseCase.swift in Sources */ = {isa = PBXBuildFile; fileRef = 25DBD9A52CED9FB000E0142E /* GetProfileUseCase.swift */; };
		25EC33502CDC589400A14E8D /* GetWatchlistUseCase.swift in Sources */ = {isa = PBXBuildFile; fileRef = 25EC334F2CDC589400A14E8D /* GetWatchlistUseCase.swift */; };
		25EC33552CDDAE5800A14E8D /* CustomNetworkResult.swift in Sources */ = {isa = PBXBuildFile; fileRef = 25EC33542CDDAE5800A14E8D /* CustomNetworkResult.swift */; };
		25EC33592CDDB7C200A14E8D /* SharedKMPManager.swift in Sources */ = {isa = PBXBuildFile; fileRef = 25EC33582CDDB7C200A14E8D /* SharedKMPManager.swift */; };
/* End PBXBuildFile section */

/* Begin PBXCopyFilesBuildPhase section */
		7555FFB4242A642300829871 /* Embed Frameworks */ = {
			isa = PBXCopyFilesBuildPhase;
			buildActionMask = 2147483647;
			dstPath = "";
			dstSubfolderSpec = 10;
			files = (
			);
			name = "Embed Frameworks";
			runOnlyForDeploymentPostprocessing = 0;
		};
/* End PBXCopyFilesBuildPhase section */

/* Begin PBXFileReference section */
		058557BA273AAA24004C7B11 /* Assets.xcassets */ = {isa = PBXFileReference; lastKnownFileType = folder.assetcatalog; path = Assets.xcassets; sourceTree = "<group>"; };
		058557D8273AAEEB004C7B11 /* Preview Assets.xcassets */ = {isa = PBXFileReference; lastKnownFileType = folder.assetcatalog; path = "Preview Assets.xcassets"; sourceTree = "<group>"; };
		2152FB032600AC8F00CF470E /* iOSApp.swift */ = {isa = PBXFileReference; lastKnownFileType = sourcecode.swift; path = iOSApp.swift; sourceTree = "<group>"; };
		2501AD3B2CB780FB00EB4ACD /* LocalizationUtils.swift */ = {isa = PBXFileReference; lastKnownFileType = sourcecode.swift; path = LocalizationUtils.swift; sourceTree = "<group>"; };
		2509B03F2CC9F0A100AF994A /* Movie.swift */ = {isa = PBXFileReference; lastKnownFileType = sourcecode.swift; path = Movie.swift; sourceTree = "<group>"; };
		2509B0422CC9F17400AF994A /* Movie+Extensions.swift */ = {isa = PBXFileReference; lastKnownFileType = sourcecode.swift; path = "Movie+Extensions.swift"; sourceTree = "<group>"; };
		250A20C02C9E79BF006534A4 /* AppDelegate.swift */ = {isa = PBXFileReference; lastKnownFileType = sourcecode.swift; path = AppDelegate.swift; sourceTree = "<group>"; };
		2554A74D2C8BBCD300B8E4C3 /* HomeScreenView.swift */ = {isa = PBXFileReference; lastKnownFileType = sourcecode.swift; path = HomeScreenView.swift; sourceTree = "<group>"; };
		2554A74F2C8BBD9B00B8E4C3 /* Color.swift */ = {isa = PBXFileReference; lastKnownFileType = sourcecode.swift; path = Color.swift; sourceTree = "<group>"; };
		2554A7512C8BBDC400B8E4C3 /* CustomColors.swift */ = {isa = PBXFileReference; lastKnownFileType = sourcecode.swift; path = CustomColors.swift; sourceTree = "<group>"; };
		2554A7542C8BBE8200B8E4C3 /* BaseScreenView.swift */ = {isa = PBXFileReference; lastKnownFileType = sourcecode.swift; path = BaseScreenView.swift; sourceTree = "<group>"; };
		255EFFA22C8FEC06006857C8 /* BottomTabView.swift */ = {isa = PBXFileReference; lastKnownFileType = sourcecode.swift; path = BottomTabView.swift; sourceTree = "<group>"; };
		255EFFA42C8FECC5006857C8 /* BottomTabItem.swift */ = {isa = PBXFileReference; lastKnownFileType = sourcecode.swift; path = BottomTabItem.swift; sourceTree = "<group>"; };
		255EFFA62C8FEDB7006857C8 /* WatchlistScreenView.swift */ = {isa = PBXFileReference; lastKnownFileType = sourcecode.swift; path = WatchlistScreenView.swift; sourceTree = "<group>"; };
		255EFFA92C8FEE1F006857C8 /* ProfileScreenView.swift */ = {isa = PBXFileReference; lastKnownFileType = sourcecode.swift; path = ProfileScreenView.swift; sourceTree = "<group>"; };
		255EFFAB2C90BCF9006857C8 /* WatchlistViewModel.swift */ = {isa = PBXFileReference; lastKnownFileType = sourcecode.swift; path = WatchlistViewModel.swift; sourceTree = "<group>"; };
		255EFFAD2C90BE93006857C8 /* CategoryCardView.swift */ = {isa = PBXFileReference; lastKnownFileType = sourcecode.swift; path = CategoryCardView.swift; sourceTree = "<group>"; };
		255EFFAF2C90C0CF006857C8 /* View+Extensions.swift */ = {isa = PBXFileReference; lastKnownFileType = sourcecode.swift; path = "View+Extensions.swift"; sourceTree = "<group>"; };
		255EFFB12C90C10C006857C8 /* LazyVGridMoviesView.swift */ = {isa = PBXFileReference; fileEncoding = 4; lastKnownFileType = sourcecode.swift; path = LazyVGridMoviesView.swift; sourceTree = "<group>"; };
		255EFFB32C90DD58006857C8 /* Constants.swift */ = {isa = PBXFileReference; lastKnownFileType = sourcecode.swift; path = Constants.swift; sourceTree = "<group>"; };
		255EFFB52C90DDAA006857C8 /* MovieItemView.swift */ = {isa = PBXFileReference; fileEncoding = 4; lastKnownFileType = sourcecode.swift; path = MovieItemView.swift; sourceTree = "<group>"; };
		255EFFB92C90ECD7006857C8 /* BackgroundBlurView.swift */ = {isa = PBXFileReference; fileEncoding = 4; lastKnownFileType = sourcecode.swift; path = BackgroundBlurView.swift; sourceTree = "<group>"; };
		255EFFC02C90EE52006857C8 /* SelectOptionScreenView.swift */ = {isa = PBXFileReference; fileEncoding = 4; lastKnownFileType = sourcecode.swift; path = SelectOptionScreenView.swift; sourceTree = "<group>"; };
		255EFFC22C90F0E0006857C8 /* SortType.swift */ = {isa = PBXFileReference; lastKnownFileType = sourcecode.swift; path = SortType.swift; sourceTree = "<group>"; };
		255EFFC42C90F463006857C8 /* CircleIconView.swift */ = {isa = PBXFileReference; fileEncoding = 4; lastKnownFileType = sourcecode.swift; path = CircleIconView.swift; sourceTree = "<group>"; };
		257424D12CA514AC000441FA /* String+Extensions.swift */ = {isa = PBXFileReference; lastKnownFileType = sourcecode.swift; path = "String+Extensions.swift"; sourceTree = "<group>"; };
		25DBD9A52CED9FB000E0142E /* GetProfileUseCase.swift */ = {isa = PBXFileReference; lastKnownFileType = sourcecode.swift; path = GetProfileUseCase.swift; sourceTree = "<group>"; };
		25EC334F2CDC589400A14E8D /* GetWatchlistUseCase.swift */ = {isa = PBXFileReference; lastKnownFileType = sourcecode.swift; path = GetWatchlistUseCase.swift; sourceTree = "<group>"; };
		25EC33542CDDAE5800A14E8D /* CustomNetworkResult.swift */ = {isa = PBXFileReference; lastKnownFileType = sourcecode.swift; path = CustomNetworkResult.swift; sourceTree = "<group>"; };
		25EC33582CDDB7C200A14E8D /* SharedKMPManager.swift */ = {isa = PBXFileReference; lastKnownFileType = sourcecode.swift; path = SharedKMPManager.swift; sourceTree = "<group>"; };
		7555FF7B242A565900829871 /* iosApp.app */ = {isa = PBXFileReference; explicitFileType = wrapper.application; includeInIndex = 0; path = iosApp.app; sourceTree = BUILT_PRODUCTS_DIR; };
		7555FF8C242A565B00829871 /* Info.plist */ = {isa = PBXFileReference; lastKnownFileType = text.plist.xml; path = Info.plist; sourceTree = "<group>"; };
/* End PBXFileReference section */

/* Begin PBXFrameworksBuildPhase section */
		7555FF78242A565900829871 /* Frameworks */ = {
			isa = PBXFrameworksBuildPhase;
			buildActionMask = 2147483647;
			files = (
				250A20B02C9B98E3006534A4 /* KMPNativeCoroutinesAsync in Frameworks */,
				250A20B22C9B98E3006534A4 /* KMPNativeCoroutinesCombine in Frameworks */,
				250A20B42C9B98E3006534A4 /* KMPNativeCoroutinesCore in Frameworks */,
			);
			runOnlyForDeploymentPostprocessing = 0;
		};
/* End PBXFrameworksBuildPhase section */

/* Begin PBXGroup section */
		058557D7273AAEEB004C7B11 /* Preview Content */ = {
			isa = PBXGroup;
			children = (
				058557D8273AAEEB004C7B11 /* Preview Assets.xcassets */,
			);
			path = "Preview Content";
			sourceTree = "<group>";
		};
		2509B0412CC9F16500AF994A /* Mapper */ = {
			isa = PBXGroup;
			children = (
				2509B0422CC9F17400AF994A /* Movie+Extensions.swift */,
			);
			path = Mapper;
			sourceTree = "<group>";
		};
		2554A7442C8BBC5000B8E4C3 /* Core */ = {
			isa = PBXGroup;
			children = (
				25EC33572CDDB79B00A14E8D /* Frameworks */,
				2554A7472C8BBC7600B8E4C3 /* Util */,
				2554A7462C8BBC6F00B8E4C3 /* Extensions */,
				2554A7452C8BBC6700B8E4C3 /* Theme */,
				2501AD3B2CB780FB00EB4ACD /* LocalizationUtils.swift */,
			);
			path = Core;
			sourceTree = "<group>";
		};
		2554A7452C8BBC6700B8E4C3 /* Theme */ = {
			isa = PBXGroup;
			children = (
				2554A74F2C8BBD9B00B8E4C3 /* Color.swift */,
				2554A7512C8BBDC400B8E4C3 /* CustomColors.swift */,
			);
			path = Theme;
			sourceTree = "<group>";
		};
		2554A7462C8BBC6F00B8E4C3 /* Extensions */ = {
			isa = PBXGroup;
			children = (
				255EFFAF2C90C0CF006857C8 /* View+Extensions.swift */,
			);
			path = Extensions;
			sourceTree = "<group>";
		};
		2554A7472C8BBC7600B8E4C3 /* Util */ = {
			isa = PBXGroup;
			children = (
				255EFFB32C90DD58006857C8 /* Constants.swift */,
			);
			path = Util;
			sourceTree = "<group>";
		};
		2554A7482C8BBC8000B8E4C3 /* Presentation */ = {
			isa = PBXGroup;
			children = (
				2554A74A2C8BBC9200B8E4C3 /* Components */,
				2554A7492C8BBC8800B8E4C3 /* Views */,
			);
			path = Presentation;
			sourceTree = "<group>";
		};
		2554A7492C8BBC8800B8E4C3 /* Views */ = {
			isa = PBXGroup;
			children = (
				255EFFBF2C90EE36006857C8 /* FilterOptions */,
				255EFFA82C8FEE11006857C8 /* Profile */,
				255EFFA12C8FEBA3006857C8 /* Main */,
				2554A7532C8BBE7300B8E4C3 /* Base */,
				2554A74C2C8BBCBF00B8E4C3 /* Watchlist */,
				2554A74B2C8BBCBA00B8E4C3 /* Home */,
			);
			path = Views;
			sourceTree = "<group>";
		};
		2554A74A2C8BBC9200B8E4C3 /* Components */ = {
			isa = PBXGroup;
			children = (
				255EFFC42C90F463006857C8 /* CircleIconView.swift */,
				255EFFB92C90ECD7006857C8 /* BackgroundBlurView.swift */,
				255EFFB52C90DDAA006857C8 /* MovieItemView.swift */,
				255EFFB12C90C10C006857C8 /* LazyVGridMoviesView.swift */,
				255EFFAD2C90BE93006857C8 /* CategoryCardView.swift */,
			);
			path = Components;
			sourceTree = "<group>";
		};
		2554A74B2C8BBCBA00B8E4C3 /* Home */ = {
			isa = PBXGroup;
			children = (
				2554A74D2C8BBCD300B8E4C3 /* HomeScreenView.swift */,
			);
			path = Home;
			sourceTree = "<group>";
		};
		2554A74C2C8BBCBF00B8E4C3 /* Watchlist */ = {
			isa = PBXGroup;
			children = (
				255EFFA62C8FEDB7006857C8 /* WatchlistScreenView.swift */,
				255EFFAB2C90BCF9006857C8 /* WatchlistViewModel.swift */,
			);
			path = Watchlist;
			sourceTree = "<group>";
		};
		2554A7532C8BBE7300B8E4C3 /* Base */ = {
			isa = PBXGroup;
			children = (
				2554A7542C8BBE8200B8E4C3 /* BaseScreenView.swift */,
			);
			path = Base;
			sourceTree = "<group>";
		};
		255EFFA12C8FEBA3006857C8 /* Main */ = {
			isa = PBXGroup;
			children = (
				255EFFA22C8FEC06006857C8 /* BottomTabView.swift */,
				255EFFA42C8FECC5006857C8 /* BottomTabItem.swift */,
			);
			path = Main;
			sourceTree = "<group>";
		};
		255EFFA82C8FEE11006857C8 /* Profile */ = {
			isa = PBXGroup;
			children = (
				255EFFA92C8FEE1F006857C8 /* ProfileScreenView.swift */,
			);
			path = Profile;
			sourceTree = "<group>";
		};
		255EFFBB2C90EDB4006857C8 /* Domain */ = {
			isa = PBXGroup;
			children = (
				25EC33532CDDADFA00A14E8D /* Util */,
				25EC334C2CDB260400A14E8D /* UseCase */,
				2509B0412CC9F16500AF994A /* Mapper */,
				255EFFBC2C90EDBB006857C8 /* Model */,
			);
			path = Domain;
			sourceTree = "<group>";
		};
		255EFFBC2C90EDBB006857C8 /* Model */ = {
			isa = PBXGroup;
			children = (
				2509B03F2CC9F0A100AF994A /* Movie.swift */,
			);
			path = Model;
			sourceTree = "<group>";
		};
		255EFFBF2C90EE36006857C8 /* FilterOptions */ = {
			isa = PBXGroup;
			children = (
				255EFFC02C90EE52006857C8 /* SelectOptionScreenView.swift */,
				255EFFC22C90F0E0006857C8 /* SortType.swift */,
			);
			path = FilterOptions;
			sourceTree = "<group>";
		};
		25DBD9A72CEE798100E0142E /* SharedKMP */ = {
			isa = PBXGroup;
			children = (
				257424D12CA514AC000441FA /* String+Extensions.swift */,
				25EC33582CDDB7C200A14E8D /* SharedKMPManager.swift */,
			);
			path = SharedKMP;
			sourceTree = "<group>";
		};
		25EC334C2CDB260400A14E8D /* UseCase */ = {
			isa = PBXGroup;
			children = (
				25EC334F2CDC589400A14E8D /* GetWatchlistUseCase.swift */,
				25DBD9A52CED9FB000E0142E /* GetProfileUseCase.swift */,
			);
			path = UseCase;
			sourceTree = "<group>";
		};
		25EC33532CDDADFA00A14E8D /* Util */ = {
			isa = PBXGroup;
			children = (
				25EC33542CDDAE5800A14E8D /* CustomNetworkResult.swift */,
			);
			path = Util;
			sourceTree = "<group>";
		};
		25EC33572CDDB79B00A14E8D /* Frameworks */ = {
			isa = PBXGroup;
			children = (
				25DBD9A72CEE798100E0142E /* SharedKMP */,
			);
			path = Frameworks;
			sourceTree = "<group>";
		};
		7555FF72242A565900829871 = {
			isa = PBXGroup;
			children = (
				7555FF7D242A565900829871 /* iosApp */,
				7555FF7C242A565900829871 /* Products */,
				7555FFB0242A642200829871 /* Frameworks */,
			);
			sourceTree = "<group>";
		};
		7555FF7C242A565900829871 /* Products */ = {
			isa = PBXGroup;
			children = (
				7555FF7B242A565900829871 /* iosApp.app */,
			);
			name = Products;
			sourceTree = "<group>";
		};
		7555FF7D242A565900829871 /* iosApp */ = {
			isa = PBXGroup;
			children = (
				255EFFBB2C90EDB4006857C8 /* Domain */,
				2554A7482C8BBC8000B8E4C3 /* Presentation */,
				2554A7442C8BBC5000B8E4C3 /* Core */,
				058557BA273AAA24004C7B11 /* Assets.xcassets */,
				7555FF8C242A565B00829871 /* Info.plist */,
				2152FB032600AC8F00CF470E /* iOSApp.swift */,
				058557D7273AAEEB004C7B11 /* Preview Content */,
				250A20C02C9E79BF006534A4 /* AppDelegate.swift */,
			);
			path = iosApp;
			sourceTree = "<group>";
		};
		7555FFB0242A642200829871 /* Frameworks */ = {
			isa = PBXGroup;
			children = (
			);
			name = Frameworks;
			sourceTree = "<group>";
		};
/* End PBXGroup section */

/* Begin PBXNativeTarget section */
		7555FF7A242A565900829871 /* iosApp */ = {
			isa = PBXNativeTarget;
			buildConfigurationList = 7555FFA5242A565B00829871 /* Build configuration list for PBXNativeTarget "iosApp" */;
			buildPhases = (
				7555FFB5242A651A00829871 /* ShellScript */,
				7555FF77242A565900829871 /* Sources */,
				7555FF78242A565900829871 /* Frameworks */,
				7555FF79242A565900829871 /* Resources */,
				7555FFB4242A642300829871 /* Embed Frameworks */,
			);
			buildRules = (
			);
			dependencies = (
			);
			name = iosApp;
			packageProductDependencies = (
				250A20AF2C9B98E3006534A4 /* KMPNativeCoroutinesAsync */,
				250A20B12C9B98E3006534A4 /* KMPNativeCoroutinesCombine */,
				250A20B32C9B98E3006534A4 /* KMPNativeCoroutinesCore */,
			);
			productName = iosApp;
			productReference = 7555FF7B242A565900829871 /* iosApp.app */;
			productType = "com.apple.product-type.application";
		};
/* End PBXNativeTarget section */

/* Begin PBXProject section */
		7555FF73242A565900829871 /* Project object */ = {
			isa = PBXProject;
			attributes = {
				LastSwiftUpdateCheck = 1130;
				LastUpgradeCheck = 1130;
				ORGANIZATIONNAME = orgName;
				TargetAttributes = {
					7555FF7A242A565900829871 = {
						CreatedOnToolsVersion = 11.3.1;
					};
				};
			};
			buildConfigurationList = 7555FF76242A565900829871 /* Build configuration list for PBXProject "iosApp" */;
			compatibilityVersion = "Xcode 9.3";
			developmentRegion = en;
			hasScannedForEncodings = 0;
			knownRegions = (
				en,
				Base,
			);
			mainGroup = 7555FF72242A565900829871;
			packageReferences = (
				250A20AE2C9B98E3006534A4 /* XCRemoteSwiftPackageReference "KMP-NativeCoroutines" */,
			);
			productRefGroup = 7555FF7C242A565900829871 /* Products */;
			projectDirPath = "";
			projectRoot = "";
			targets = (
				7555FF7A242A565900829871 /* iosApp */,
			);
		};
/* End PBXProject section */

/* Begin PBXResourcesBuildPhase section */
		7555FF79242A565900829871 /* Resources */ = {
			isa = PBXResourcesBuildPhase;
			buildActionMask = 2147483647;
			files = (
				058557D9273AAEEB004C7B11 /* Preview Assets.xcassets in Resources */,
				058557BB273AAA24004C7B11 /* Assets.xcassets in Resources */,
			);
			runOnlyForDeploymentPostprocessing = 0;
		};
/* End PBXResourcesBuildPhase section */

/* Begin PBXShellScriptBuildPhase section */
		7555FFB5242A651A00829871 /* ShellScript */ = {
			isa = PBXShellScriptBuildPhase;
			buildActionMask = 2147483647;
			files = (
			);
			inputFileListPaths = (
			);
			inputPaths = (
			);
			outputFileListPaths = (
			);
			outputPaths = (
			);
			runOnlyForDeploymentPostprocessing = 0;
			shellPath = /bin/sh;
			shellScript = "cd \"$SRCROOT/..\"\n./gradlew :shared:embedAndSignAppleFrameworkForXcode\n";
		};
/* End PBXShellScriptBuildPhase section */

/* Begin PBXSourcesBuildPhase section */
		7555FF77242A565900829871 /* Sources */ = {
			isa = PBXSourcesBuildPhase;
			buildActionMask = 2147483647;
			files = (
				250A20C12C9E79BF006534A4 /* AppDelegate.swift in Sources */,
				2554A74E2C8BBCD300B8E4C3 /* HomeScreenView.swift in Sources */,
				255EFFA52C8FECC5006857C8 /* BottomTabItem.swift in Sources */,
				255EFFAC2C90BCF9006857C8 /* WatchlistViewModel.swift in Sources */,
				2509B0402CC9F0A100AF994A /* Movie.swift in Sources */,
				255EFFA72C8FEDB7006857C8 /* WatchlistScreenView.swift in Sources */,
				255EFFAE2C90BE93006857C8 /* CategoryCardView.swift in Sources */,
				255EFFC52C90F463006857C8 /* CircleIconView.swift in Sources */,
				255EFFB42C90DD58006857C8 /* Constants.swift in Sources */,
				2554A7522C8BBDC400B8E4C3 /* CustomColors.swift in Sources */,
				25EC33502CDC589400A14E8D /* GetWatchlistUseCase.swift in Sources */,
				255EFFAA2C8FEE1F006857C8 /* ProfileScreenView.swift in Sources */,
				255EFFB62C90DDAA006857C8 /* MovieItemView.swift in Sources */,
				25DBD9A62CED9FB000E0142E /* GetProfileUseCase.swift in Sources */,
				255EFFC32C90F0E0006857C8 /* SortType.swift in Sources */,
				255EFFBA2C90ECD7006857C8 /* BackgroundBlurView.swift in Sources */,
				255EFFC12C90EE52006857C8 /* SelectOptionScreenView.swift in Sources */,
				2554A7502C8BBD9B00B8E4C3 /* Color.swift in Sources */,
				255EFFB22C90C10C006857C8 /* LazyVGridMoviesView.swift in Sources */,
				25EC33592CDDB7C200A14E8D /* SharedKMPManager.swift in Sources */,
				25EC33552CDDAE5800A14E8D /* CustomNetworkResult.swift in Sources */,
				255EFFA32C8FEC06006857C8 /* BottomTabView.swift in Sources */,
				255EFFB02C90C0CF006857C8 /* View+Extensions.swift in Sources */,
				257424D22CA514AC000441FA /* String+Extensions.swift in Sources */,
				2501AD3C2CB780FB00EB4ACD /* LocalizationUtils.swift in Sources */,
				2152FB042600AC8F00CF470E /* iOSApp.swift in Sources */,
				2509B0432CC9F17400AF994A /* Movie+Extensions.swift in Sources */,
				2554A7552C8BBE8200B8E4C3 /* BaseScreenView.swift in Sources */,
			);
			runOnlyForDeploymentPostprocessing = 0;
		};
/* End PBXSourcesBuildPhase section */

/* Begin XCBuildConfiguration section */
		7555FFA3242A565B00829871 /* Debug */ = {
			isa = XCBuildConfiguration;
			buildSettings = {
				ALWAYS_SEARCH_USER_PATHS = NO;
				CLANG_ANALYZER_NONNULL = YES;
				CLANG_ANALYZER_NUMBER_OBJECT_CONVERSION = YES_AGGRESSIVE;
				CLANG_CXX_LANGUAGE_STANDARD = "gnu++14";
				CLANG_CXX_LIBRARY = "libc++";
				CLANG_ENABLE_MODULES = YES;
				CLANG_ENABLE_OBJC_ARC = YES;
				CLANG_ENABLE_OBJC_WEAK = YES;
				CLANG_WARN_BLOCK_CAPTURE_AUTORELEASING = YES;
				CLANG_WARN_BOOL_CONVERSION = YES;
				CLANG_WARN_COMMA = YES;
				CLANG_WARN_CONSTANT_CONVERSION = YES;
				CLANG_WARN_DEPRECATED_OBJC_IMPLEMENTATIONS = YES;
				CLANG_WARN_DIRECT_OBJC_ISA_USAGE = YES_ERROR;
				CLANG_WARN_DOCUMENTATION_COMMENTS = YES;
				CLANG_WARN_EMPTY_BODY = YES;
				CLANG_WARN_ENUM_CONVERSION = YES;
				CLANG_WARN_INFINITE_RECURSION = YES;
				CLANG_WARN_INT_CONVERSION = YES;
				CLANG_WARN_NON_LITERAL_NULL_CONVERSION = YES;
				CLANG_WARN_OBJC_IMPLICIT_RETAIN_SELF = YES;
				CLANG_WARN_OBJC_LITERAL_CONVERSION = YES;
				CLANG_WARN_OBJC_ROOT_CLASS = YES_ERROR;
				CLANG_WARN_QUOTED_INCLUDE_IN_FRAMEWORK_HEADER = YES;
				CLANG_WARN_RANGE_LOOP_ANALYSIS = YES;
				CLANG_WARN_STRICT_PROTOTYPES = YES;
				CLANG_WARN_SUSPICIOUS_MOVE = YES;
				CLANG_WARN_UNGUARDED_AVAILABILITY = YES_AGGRESSIVE;
				CLANG_WARN_UNREACHABLE_CODE = YES;
				CLANG_WARN__DUPLICATE_METHOD_MATCH = YES;
				COPY_PHASE_STRIP = NO;
				DEBUG_INFORMATION_FORMAT = "dwarf-with-dsym";
				ENABLE_STRICT_OBJC_MSGSEND = YES;
				ENABLE_TESTABILITY = YES;
				GCC_C_LANGUAGE_STANDARD = gnu11;
				GCC_DYNAMIC_NO_PIC = NO;
				GCC_NO_COMMON_BLOCKS = YES;
				GCC_OPTIMIZATION_LEVEL = 0;
				GCC_PREPROCESSOR_DEFINITIONS = (
					"DEBUG=1",
					"$(inherited)",
				);
				GCC_WARN_64_TO_32_BIT_CONVERSION = YES;
				GCC_WARN_ABOUT_RETURN_TYPE = YES_ERROR;
				GCC_WARN_UNDECLARED_SELECTOR = YES;
				GCC_WARN_UNINITIALIZED_AUTOS = YES_AGGRESSIVE;
				GCC_WARN_UNUSED_FUNCTION = YES;
				GCC_WARN_UNUSED_VARIABLE = YES;
				IPHONEOS_DEPLOYMENT_TARGET = 16.0;
				MTL_ENABLE_DEBUG_INFO = INCLUDE_SOURCE;
				MTL_FAST_MATH = YES;
				ONLY_ACTIVE_ARCH = YES;
				SDKROOT = iphoneos;
				SWIFT_ACTIVE_COMPILATION_CONDITIONS = DEBUG;
				SWIFT_OPTIMIZATION_LEVEL = "-Onone";
			};
			name = Debug;
		};
		7555FFA4242A565B00829871 /* Release */ = {
			isa = XCBuildConfiguration;
			buildSettings = {
				ALWAYS_SEARCH_USER_PATHS = NO;
				CLANG_ANALYZER_NONNULL = YES;
				CLANG_ANALYZER_NUMBER_OBJECT_CONVERSION = YES_AGGRESSIVE;
				CLANG_CXX_LANGUAGE_STANDARD = "gnu++14";
				CLANG_CXX_LIBRARY = "libc++";
				CLANG_ENABLE_MODULES = YES;
				CLANG_ENABLE_OBJC_ARC = YES;
				CLANG_ENABLE_OBJC_WEAK = YES;
				CLANG_WARN_BLOCK_CAPTURE_AUTORELEASING = YES;
				CLANG_WARN_BOOL_CONVERSION = YES;
				CLANG_WARN_COMMA = YES;
				CLANG_WARN_CONSTANT_CONVERSION = YES;
				CLANG_WARN_DEPRECATED_OBJC_IMPLEMENTATIONS = YES;
				CLANG_WARN_DIRECT_OBJC_ISA_USAGE = YES_ERROR;
				CLANG_WARN_DOCUMENTATION_COMMENTS = YES;
				CLANG_WARN_EMPTY_BODY = YES;
				CLANG_WARN_ENUM_CONVERSION = YES;
				CLANG_WARN_INFINITE_RECURSION = YES;
				CLANG_WARN_INT_CONVERSION = YES;
				CLANG_WARN_NON_LITERAL_NULL_CONVERSION = YES;
				CLANG_WARN_OBJC_IMPLICIT_RETAIN_SELF = YES;
				CLANG_WARN_OBJC_LITERAL_CONVERSION = YES;
				CLANG_WARN_OBJC_ROOT_CLASS = YES_ERROR;
				CLANG_WARN_QUOTED_INCLUDE_IN_FRAMEWORK_HEADER = YES;
				CLANG_WARN_RANGE_LOOP_ANALYSIS = YES;
				CLANG_WARN_STRICT_PROTOTYPES = YES;
				CLANG_WARN_SUSPICIOUS_MOVE = YES;
				CLANG_WARN_UNGUARDED_AVAILABILITY = YES_AGGRESSIVE;
				CLANG_WARN_UNREACHABLE_CODE = YES;
				CLANG_WARN__DUPLICATE_METHOD_MATCH = YES;
				COPY_PHASE_STRIP = NO;
				DEBUG_INFORMATION_FORMAT = "dwarf-with-dsym";
				ENABLE_NS_ASSERTIONS = NO;
				ENABLE_STRICT_OBJC_MSGSEND = YES;
				GCC_C_LANGUAGE_STANDARD = gnu11;
				GCC_NO_COMMON_BLOCKS = YES;
				GCC_WARN_64_TO_32_BIT_CONVERSION = YES;
				GCC_WARN_ABOUT_RETURN_TYPE = YES_ERROR;
				GCC_WARN_UNDECLARED_SELECTOR = YES;
				GCC_WARN_UNINITIALIZED_AUTOS = YES_AGGRESSIVE;
				GCC_WARN_UNUSED_FUNCTION = YES;
				GCC_WARN_UNUSED_VARIABLE = YES;
				IPHONEOS_DEPLOYMENT_TARGET = 16.0;
				MTL_ENABLE_DEBUG_INFO = NO;
				MTL_FAST_MATH = YES;
				SDKROOT = iphoneos;
				SWIFT_COMPILATION_MODE = wholemodule;
				SWIFT_OPTIMIZATION_LEVEL = "-O";
				VALIDATE_PRODUCT = YES;
			};
			name = Release;
		};
		7555FFA6242A565B00829871 /* Debug */ = {
			isa = XCBuildConfiguration;
			buildSettings = {
				ASSETCATALOG_COMPILER_APPICON_NAME = AppIcon;
				CODE_SIGN_STYLE = Automatic;
				DEVELOPMENT_ASSET_PATHS = "\"iosApp/Preview Content\"";
				DEVELOPMENT_TEAM = UAF3986DZL;
				ENABLE_PREVIEWS = YES;
				FRAMEWORK_SEARCH_PATHS = (
					"$(inherited)",
					"$(SRCROOT)/../shared/build/xcode-frameworks/$(CONFIGURATION)/$(SDK_NAME)",
				);
				INFOPLIST_FILE = iosApp/Info.plist;
				IPHONEOS_DEPLOYMENT_TARGET = 16.0;
				LD_RUNPATH_SEARCH_PATHS = (
					"$(inherited)",
					"@executable_path/Frameworks",
				);
				OTHER_LDFLAGS = (
					"$(inherited)",
					"-framework",
					shared,
				);
				PRODUCT_BUNDLE_IDENTIFIER = "com.escalondev.movies-app-kmp.ios";
				PRODUCT_NAME = "$(TARGET_NAME)";
				SWIFT_VERSION = 5.0;
				TARGETED_DEVICE_FAMILY = "1,2";
			};
			name = Debug;
		};
		7555FFA7242A565B00829871 /* Release */ = {
			isa = XCBuildConfiguration;
			buildSettings = {
				ASSETCATALOG_COMPILER_APPICON_NAME = AppIcon;
				CODE_SIGN_STYLE = Automatic;
				DEVELOPMENT_ASSET_PATHS = "\"iosApp/Preview Content\"";
				DEVELOPMENT_TEAM = UAF3986DZL;
				ENABLE_PREVIEWS = YES;
				FRAMEWORK_SEARCH_PATHS = (
					"$(inherited)",
					"$(SRCROOT)/../shared/build/xcode-frameworks/$(CONFIGURATION)/$(SDK_NAME)",
				);
				INFOPLIST_FILE = iosApp/Info.plist;
				IPHONEOS_DEPLOYMENT_TARGET = 16.0;
				LD_RUNPATH_SEARCH_PATHS = (
					"$(inherited)",
					"@executable_path/Frameworks",
				);
				OTHER_LDFLAGS = (
					"$(inherited)",
					"-framework",
					shared,
				);
				PRODUCT_BUNDLE_IDENTIFIER = "com.escalondev.movies-app-kmp.ios";
				PRODUCT_NAME = "$(TARGET_NAME)";
				SWIFT_VERSION = 5.0;
				TARGETED_DEVICE_FAMILY = "1,2";
			};
			name = Release;
		};
/* End XCBuildConfiguration section */

/* Begin XCConfigurationList section */
		7555FF76242A565900829871 /* Build configuration list for PBXProject "iosApp" */ = {
			isa = XCConfigurationList;
			buildConfigurations = (
				7555FFA3242A565B00829871 /* Debug */,
				7555FFA4242A565B00829871 /* Release */,
			);
			defaultConfigurationIsVisible = 0;
			defaultConfigurationName = Release;
		};
		7555FFA5242A565B00829871 /* Build configuration list for PBXNativeTarget "iosApp" */ = {
			isa = XCConfigurationList;
			buildConfigurations = (
				7555FFA6242A565B00829871 /* Debug */,
				7555FFA7242A565B00829871 /* Release */,
			);
			defaultConfigurationIsVisible = 0;
			defaultConfigurationName = Release;
		};
/* End XCConfigurationList section */

/* Begin XCRemoteSwiftPackageReference section */
		250A20AE2C9B98E3006534A4 /* XCRemoteSwiftPackageReference "KMP-NativeCoroutines" */ = {
			isa = XCRemoteSwiftPackageReference;
			repositoryURL = "https://github.com/rickclephas/KMP-NativeCoroutines.git";
			requirement = {
				branch = master;
				kind = branch;
			};
		};
/* End XCRemoteSwiftPackageReference section */

/* Begin XCSwiftPackageProductDependency section */
		250A20AF2C9B98E3006534A4 /* KMPNativeCoroutinesAsync */ = {
			isa = XCSwiftPackageProductDependency;
			package = 250A20AE2C9B98E3006534A4 /* XCRemoteSwiftPackageReference "KMP-NativeCoroutines" */;
			productName = KMPNativeCoroutinesAsync;
		};
		250A20B12C9B98E3006534A4 /* KMPNativeCoroutinesCombine */ = {
			isa = XCSwiftPackageProductDependency;
			package = 250A20AE2C9B98E3006534A4 /* XCRemoteSwiftPackageReference "KMP-NativeCoroutines" */;
			productName = KMPNativeCoroutinesCombine;
		};
		250A20B32C9B98E3006534A4 /* KMPNativeCoroutinesCore */ = {
			isa = XCSwiftPackageProductDependency;
			package = 250A20AE2C9B98E3006534A4 /* XCRemoteSwiftPackageReference "KMP-NativeCoroutines" */;
			productName = KMPNativeCoroutinesCore;
		};
/* End XCSwiftPackageProductDependency section */
	};
	rootObject = 7555FF73242A565900829871 /* Project object */;
}
